
Microsoft Visual Studio Solution File, Format Version 12.00
# Visual Studio Version 17
VisualStudioVersion = 17.5.002.0
MinimumVisualStudioVersion = 10.0.40219.1
Project("{9A19103F-16F7-4668-BE54-9A1E7A4F7556}") = "MyNewProject", "src\MyNewProject.csproj", "{1374A6D6-92A1-4ECB-A7D8-54D1FF4933A3}"
EndProject
Global
	GlobalSection(SolutionConfigurationPlatforms) = preSolution
		Debug|Any CPU = Debug|Any CPU
		Release|Any CPU = Release|Any CPU
	EndGlobalSection
	GlobalSection(ProjectConfigurationPlatforms) = postSolution
		{1374A6D6-92A1-4ECB-A7D8-54D1FF4933A3}.Debug|Any CPU.ActiveCfg = Debug|Any CPU
		{1374A6D6-92A1-4ECB-A7D8-54D1FF4933A3}.Debug|Any CPU.Build.0 = Debug|Any CPU
		{1374A6D6-92A1-4ECB-A7D8-54D1FF4933A3}.Release|Any CPU.ActiveCfg = Release|Any CPU
		{1374A6D6-92A1-4ECB-A7D8-54D1FF4933A3}.Release|Any CPU.Build.0 = Release|Any CPU
	EndGlobalSection
	GlobalSection(SolutionProperties) = preSolution
		HideSolutionNode = FALSE
	EndGlobalSection
	GlobalSection(ExtensibilityGlobals) = postSolution
		SolutionGuid = {22F7F913-0403-4543-903D-683EDBBB5925}
	EndGlobalSection
EndGlobal
